{
  "name": "playwright-testing-sample",
  "version": "1.0.0",
  "lockfileVersion": 2,
  "requires": true,
  "packages": {
    "": {
      "name": "playwright-testing-sample",
      "version": "1.0.0",
      "license": "ISC",
      "dependencies": {
        "@sangyeon217/nodejs-sample-package": "^2.0.0"
      },
      "devDependencies": {
        "@playwright/test": "^1.58.1",
        "@types/node": "^22.19.7"
      }
    },
    "node_modules/@playwright/test": {
      "version": "1.58.1",
      "resolved": "https://registry.npmjs.org/@playwright/test/-/test-1.58.1.tgz",
      "integrity": "sha512-6LdVIUERWxQMmUSSQi0I53GgCBYgM2RpGngCPY7hSeju+VrKjq3lvs7HpJoPbDiY5QM5EYRtRX5fvrinnMAz3w==",
      "dev": true,
      "license": "Apache-2.0",
      "dependencies": {
        "playwright": "1.58.1"
      },
      "bin": {
        "playwright": "cli.js"
      },
      "engines": {
        "node": ">=18"
      }
    },
    "node_modules/@sangyeon217/nodejs-sample-package": {
      "version": "2.0.0",
      "resolved": "https://npm.pkg.github.com/download/@sangyeon217/nodejs-sample-package/2.0.0/aedcc62b62b5c9c55e87b6ad642334d19154ac75",
      "integrity": "sha512-6Y3zAXnML9TEUjJdim6ACI2b1IoaxJ5vfTIAWbGVhreVLutg2jyz2SYZuX+dvxUseeHX2R/68YBXGUEgK07dZw==",
      "license": "ISC"
    },
    "node_modules/@types/node": {
      "version": "22.19.7",
      "resolved": "https://registry.npmjs.org/@types/node/-/node-22.19.7.tgz",
      "integrity": "sha512-MciR4AKGHWl7xwxkBa6xUGxQJ4VBOmPTF7sL+iGzuahOFaO0jHCsuEfS80pan1ef4gWId1oWOweIhrDEYLuaOw==",
      "dev": true,
      "license": "MIT",
      "dependencies": {
        "undici-types": "~6.21.0"
      }
    },
    "node_modules/fsevents": {
      "version": "2.3.2",
      "resolved": "https://registry.npmjs.org/fsevents/-/fsevents-2.3.2.tgz",
      "integrity": "sha512-xiqMQR4xAeHTuB9uWm+fFRcIOgKBMiOBP+eXiyT7jsgVCq1bkVygt00oASowB7EdtpOHaaPgKt812P9ab+DDKA==",
      "dev": true,
      "hasInstallScript": true,
      "license": "MIT",
      "optional": true,
      "os": [
        "darwin"
      ],
      "engines": {
        "node": "^8.16.0 || ^10.6.0 || >=11.0.0"
      }
    },
    "node_modules/playwright": {
      "version": "1.58.1",
      "resolved": "https://registry.npmjs.org/playwright/-/playwright-1.58.1.tgz",
      "integrity": "sha512-+2uTZHxSCcxjvGc5C891LrS1/NlxglGxzrC4seZiVjcYVQfUa87wBL6rTDqzGjuoWNjnBzRqKmF6zRYGMvQUaQ==",
      "dev": true,
      "license": "Apache-2.0",
      "dependencies": {
        "playwright-core": "1.58.1"
      },
      "bin": {
        "playwright": "cli.js"
      },
      "engines": {
        "node": ">=18"
      },
      "optionalDependencies": {
        "fsevents": "2.3.2"
      }
    },
    "node_modules/playwright-core": {
      "version": "1.58.1",
      "resolved": "https://registry.npmjs.org/playwright-core/-/playwright-core-1.58.1.tgz",
      "integrity": "sha512-bcWzOaTxcW+VOOGBCQgnaKToLJ65d6AqfLVKEWvexyS3AS6rbXl+xdpYRMGSRBClPvyj44njOWoxjNdL/H9UNg==",
      "dev": true,
      "license": "Apache-2.0",
      "bin": {
        "playwright-core": "cli.js"
      },
      "engines": {
        "node": ">=18"
      }
    },
    "node_modules/undici-types": {
      "version": "6.21.0",
      "resolved": "https://registry.npmjs.org/undici-types/-/undici-types-6.21.0.tgz",
      "integrity": "sha512-iwDZqg0QAGrg9Rav5H4n0M64c3mkR59cJ6wQp+7C4nI0gsmExaedaYLNO44eT4AtBBwjbTiGPMlt2Md0T9H9JQ==",
      "dev": true,
      "license": "MIT"
    }
  },
  "dependencies": {
    "@playwright/test": {
      "version": "1.58.1",
      "resolved": "https://registry.npmjs.org/@playwright/test/-/test-1.58.1.tgz",
      "integrity": "sha512-6LdVIUERWxQMmUSSQi0I53GgCBYgM2RpGngCPY7hSeju+VrKjq3lvs7HpJoPbDiY5QM5EYRtRX5fvrinnMAz3w==",
      "dev": true,
      "requires": {
        "playwright": "1.58.1"
      }
    },
    "@sangyeon217/nodejs-sample-package": {
      "version": "2.0.0",
      "resolved": "https://npm.pkg.github.com/download/@sangyeon217/nodejs-sample-package/2.0.0/aedcc62b62b5c9c55e87b6ad642334d19154ac75",
      "integrity": "sha512-6Y3zAXnML9TEUjJdim6ACI2b1IoaxJ5vfTIAWbGVhreVLutg2jyz2SYZuX+dvxUseeHX2R/68YBXGUEgK07dZw=="
    },
    "@types/node": {
      "version": "22.19.7",
      "resolved": "https://registry.npmjs.org/@types/node/-/node-22.19.7.tgz",
      "integrity": "sha512-MciR4AKGHWl7xwxkBa6xUGxQJ4VBOmPTF7sL+iGzuahOFaO0jHCsuEfS80pan1ef4gWId1oWOweIhrDEYLuaOw==",
      "dev": true,
      "requires": {
        "undici-types": "~6.21.0"
      }
    },
    "fsevents": {
      "version": "2.3.2",
      "resolved": "https://registry.npmjs.org/fsevents/-/fsevents-2.3.2.tgz",
      "integrity": "sha512-xiqMQR4xAeHTuB9uWm+fFRcIOgKBMiOBP+eXiyT7jsgVCq1bkVygt00oASowB7EdtpOHaaPgKt812P9ab+DDKA==",
      "dev": true,
      "optional": true
    },
    "playwright": {
      "version": "1.58.1",
      "resolved": "https://registry.npmjs.org/playwright/-/playwright-1.58.1.tgz",
      "integrity": "sha512-+2uTZHxSCcxjvGc5C891LrS1/NlxglGxzrC4seZiVjcYVQfUa87wBL6rTDqzGjuoWNjnBzRqKmF6zRYGMvQUaQ==",
      "dev": true,
      "requires": {
        "fsevents": "2.3.2",
        "playwright-core": "1.58.1"
      }
    },
    "playwright-core": {
      "version": "1.58.1",
      "resolved": "https://registry.npmjs.org/playwright-core/-/playwright-core-1.58.1.tgz",
      "integrity": "sha512-bcWzOaTxcW+VOOGBCQgnaKToLJ65d6AqfLVKEWvexyS3AS6rbXl+xdpYRMGSRBClPvyj44njOWoxjNdL/H9UNg==",
      "dev": true
    },
    "undici-types": {
      "version": "6.21.0",
      "resolved": "https://registry.npmjs.org/undici-types/-/undici-types-6.21.0.tgz",
      "integrity": "sha512-iwDZqg0QAGrg9Rav5H4n0M64c3mkR59cJ6wQp+7C4nI0gsmExaedaYLNO44eT4AtBBwjbTiGPMlt2Md0T9H9JQ==",
      "dev": true
    }
  }
}
